
Microsoft Visual Studio Solution File, Format Version 12.00
# Visual Studio Version 16
VisualStudioVersion = 16.0.31229.75
MinimumVisualStudioVersion = 10.0.40219.1
Project("{FAE04EC0-301F-11D3-BF4B-00C04F79EFBC}") = "CSharpFUndamentals", "CSharpFUndamentals\CSharpFUndamentals.csproj", "{A9370A49-9B73-4970-85B1-7A0BDC87DCBF}"
EndProject
Global
	GlobalSection(SolutionConfigurationPlatforms) = preSolution
		Debug|Any CPU = Debug|Any CPU
		Release|Any CPU = Release|Any CPU
	EndGlobalSection
	GlobalSection(ProjectConfigurationPlatforms) = postSolution
		{A9370A49-9B73-4970-85B1-7A0BDC87DCBF}.Debug|Any CPU.ActiveCfg = Debug|Any CPU
		{A9370A49-9B73-4970-85B1-7A0BDC87DCBF}.Debug|Any CPU.Build.0 = Debug|Any CPU
		{A9370A49-9B73-4970-85B1-7A0BDC87DCBF}.Release|Any CPU.ActiveCfg = Release|Any CPU
		{A9370A49-9B73-4970-85B1-7A0BDC87DCBF}.Release|Any CPU.Build.0 = Release|Any CPU
	EndGlobalSection
	GlobalSection(SolutionProperties) = preSolution
		HideSolutionNode = FALSE
	EndGlobalSection
	GlobalSection(ExtensibilityGlobals) = postSolution
		SolutionGuid = {CBEE1927-BDF0-4466-B4B8-932ECB5206CC}
	EndGlobalSection
EndGlobal
